
Microsoft Visual Studio Solution File, Format Version 12.00
# Visual Studio Version 16
VisualStudioVersion = 16.0.29806.167
MinimumVisualStudioVersion = 10.0.40219.1
Project("{8BC9CEB8-8B4A-11D0-8D11-00A0C91BC942}") = "1skiplist", "skiplist\skiplist.vcxproj", "{3EE2E573-C7DA-43A8-A884-EF59EECE88DA}"
EndProject
Project("{8BC9CEB8-8B4A-11D0-8D11-00A0C91BC942}") = "1skiplistOJ", "skiplistOJ\skiplistOJ.vcxproj", "{A5D17D4D-E614-4AA9-A0CD-927862BE6362}"
EndProject
Project("{8BC9CEB8-8B4A-11D0-8D11-00A0C91BC942}") = "1skiplistRedis", "skiplistRedis\skiplistRedis.vcxproj", "{7CCA96FE-2E25-47A6-AC44-32CFF84DBD60}"
EndProject
Project("{8BC9CEB8-8B4A-11D0-8D11-00A0C91BC942}") = "1skiplistRedisOO", "skiplistRedisOO\skiplistRedisOO.vcxproj", "{ED83DBEF-B21F-4BD8-90B0-93B8FC0EF422}"
EndProject
Project("{8BC9CEB8-8B4A-11D0-8D11-00A0C91BC942}") = "1skiplistVIS", "skiplistVIS\skiplistVIS.vcxproj", "{DFCB911A-9458-446A-8CCF-224013C32D45}"
EndProject
Project("{8BC9CEB8-8B4A-11D0-8D11-00A0C91BC942}") = "2树与森林CSDN", "2树与森林CSDN\BinaryTreeToForest.vcxproj", "{7C407091-B941-4ECE-8797-F70581EFF2F4}"
EndProject
Project("{8BC9CEB8-8B4A-11D0-8D11-00A0C91BC942}") = "2树与森林OJ", "2树与森林OJ\2树与森林.vcxproj", "{FB32E1A5-4A83-4EEA-9B14-2C7221D62F2B}"
EndProject
Project("{8BC9CEB8-8B4A-11D0-8D11-00A0C91BC942}") = "2树与森林OJ2", "2树与森林OJ2\2树与森林OJ2.vcxproj", "{2814091E-04EF-42EA-A67C-856B6765D484}"
EndProject
Project("{8BC9CEB8-8B4A-11D0-8D11-00A0C91BC942}") = "2树与森林VIS", "2树与森林VIS\2树与森林VIS.vcxproj", "{DEFBDCEB-C4F9-4EA6-AECF-3F8FD877BB22}"
EndProject
Project("{8BC9CEB8-8B4A-11D0-8D11-00A0C91BC942}") = "Project1", "Project1\Project1.vcxproj", "{11CE36A8-F856-4F2B-9A84-A4506A1BE39D}"
EndProject
Global
	GlobalSection(SolutionConfigurationPlatforms) = preSolution
		Debug|x64 = Debug|x64
		Debug|x86 = Debug|x86
		Release|x64 = Release|x64
		Release|x86 = Release|x86
	EndGlobalSection
	GlobalSection(ProjectConfigurationPlatforms) = postSolution
		{3EE2E573-C7DA-43A8-A884-EF59EECE88DA}.Debug|x64.ActiveCfg = Debug|x64
		{3EE2E573-C7DA-43A8-A884-EF59EECE88DA}.Debug|x64.Build.0 = Debug|x64
		{3EE2E573-C7DA-43A8-A884-EF59EECE88DA}.Debug|x86.ActiveCfg = Debug|Win32
		{3EE2E573-C7DA-43A8-A884-EF59EECE88DA}.Debug|x86.Build.0 = Debug|Win32
		{3EE2E573-C7DA-43A8-A884-EF59EECE88DA}.Release|x64.ActiveCfg = Release|x64
		{3EE2E573-C7DA-43A8-A884-EF59EECE88DA}.Release|x64.Build.0 = Release|x64
		{3EE2E573-C7DA-43A8-A884-EF59EECE88DA}.Release|x86.ActiveCfg = Release|Win32
		{3EE2E573-C7DA-43A8-A884-EF59EECE88DA}.Release|x86.Build.0 = Release|Win32
		{A5D17D4D-E614-4AA9-A0CD-927862BE6362}.Debug|x64.ActiveCfg = Debug|x64
		{A5D17D4D-E614-4AA9-A0CD-927862BE6362}.Debug|x64.Build.0 = Debug|x64
		{A5D17D4D-E614-4AA9-A0CD-927862BE6362}.Debug|x86.ActiveCfg = Debug|Win32
		{A5D17D4D-E614-4AA9-A0CD-927862BE6362}.Debug|x86.Build.0 = Debug|Win32
		{A5D17D4D-E614-4AA9-A0CD-927862BE6362}.Release|x64.ActiveCfg = Release|x64
		{A5D17D4D-E614-4AA9-A0CD-927862BE6362}.Release|x64.Build.0 = Release|x64
		{A5D17D4D-E614-4AA9-A0CD-927862BE6362}.Release|x86.ActiveCfg = Release|Win32
		{A5D17D4D-E614-4AA9-A0CD-927862BE6362}.Release|x86.Build.0 = Release|Win32
		{7CCA96FE-2E25-47A6-AC44-32CFF84DBD60}.Debug|x64.ActiveCfg = Debug|x64
		{7CCA96FE-2E25-47A6-AC44-32CFF84DBD60}.Debug|x64.Build.0 = Debug|x64
		{7CCA96FE-2E25-47A6-AC44-32CFF84DBD60}.Debug|x86.ActiveCfg = Debug|Win32
		{7CCA96FE-2E25-47A6-AC44-32CFF84DBD60}.Debug|x86.Build.0 = Debug|Win32
		{7CCA96FE-2E25-47A6-AC44-32CFF84DBD60}.Release|x64.ActiveCfg = Release|x64
		{7CCA96FE-2E25-47A6-AC44-32CFF84DBD60}.Release|x64.Build.0 = Release|x64
		{7CCA96FE-2E25-47A6-AC44-32CFF84DBD60}.Release|x86.ActiveCfg = Release|Win32
		{7CCA96FE-2E25-47A6-AC44-32CFF84DBD60}.Release|x86.Build.0 = Release|Win32
		{ED83DBEF-B21F-4BD8-90B0-93B8FC0EF422}.Debug|x64.ActiveCfg = Debug|x64
		{ED83DBEF-B21F-4BD8-90B0-93B8FC0EF422}.Debug|x64.Build.0 = Debug|x64
		{ED83DBEF-B21F-4BD8-90B0-93B8FC0EF422}.Debug|x86.ActiveCfg = Debug|Win32
		{ED83DBEF-B21F-4BD8-90B0-93B8FC0EF422}.Debug|x86.Build.0 = Debug|Win32
		{ED83DBEF-B21F-4BD8-90B0-93B8FC0EF422}.Release|x64.ActiveCfg = Release|x64
		{ED83DBEF-B21F-4BD8-90B0-93B8FC0EF422}.Release|x64.Build.0 = Release|x64
		{ED83DBEF-B21F-4BD8-90B0-93B8FC0EF422}.Release|x86.ActiveCfg = Release|Win32
		{ED83DBEF-B21F-4BD8-90B0-93B8FC0EF422}.Release|x86.Build.0 = Release|Win32
		{DFCB911A-9458-446A-8CCF-224013C32D45}.Debug|x64.ActiveCfg = Debug|x64
		{DFCB911A-9458-446A-8CCF-224013C32D45}.Debug|x64.Build.0 = Debug|x64
		{DFCB911A-9458-446A-8CCF-224013C32D45}.Debug|x86.ActiveCfg = Debug|Win32
		{DFCB911A-9458-446A-8CCF-224013C32D45}.Debug|x86.Build.0 = Debug|Win32
		{DFCB911A-9458-446A-8CCF-224013C32D45}.Release|x64.ActiveCfg = Release|x64
		{DFCB911A-9458-446A-8CCF-224013C32D45}.Release|x64.Build.0 = Release|x64
		{DFCB911A-9458-446A-8CCF-224013C32D45}.Release|x86.ActiveCfg = Release|Win32
		{DFCB911A-9458-446A-8CCF-224013C32D45}.Release|x86.Build.0 = Release|Win32
		{7C407091-B941-4ECE-8797-F70581EFF2F4}.Debug|x64.ActiveCfg = Debug|x64
		{7C407091-B941-4ECE-8797-F70581EFF2F4}.Debug|x64.Build.0 = Debug|x64
		{7C407091-B941-4ECE-8797-F70581EFF2F4}.Debug|x86.ActiveCfg = Debug|Win32
		{7C407091-B941-4ECE-8797-F70581EFF2F4}.Debug|x86.Build.0 = Debug|Win32
		{7C407091-B941-4ECE-8797-F70581EFF2F4}.Release|x64.ActiveCfg = Release|x64
		{7C407091-B941-4ECE-8797-F70581EFF2F4}.Release|x64.Build.0 = Release|x64
		{7C407091-B941-4ECE-8797-F70581EFF2F4}.Release|x86.ActiveCfg = Release|Win32
		{7C407091-B941-4ECE-8797-F70581EFF2F4}.Release|x86.Build.0 = Release|Win32
		{FB32E1A5-4A83-4EEA-9B14-2C7221D62F2B}.Debug|x64.ActiveCfg = Debug|x64
		{FB32E1A5-4A83-4EEA-9B14-2C7221D62F2B}.Debug|x64.Build.0 = Debug|x64
		{FB32E1A5-4A83-4EEA-9B14-2C7221D62F2B}.Debug|x86.ActiveCfg = Debug|Win32
		{FB32E1A5-4A83-4EEA-9B14-2C7221D62F2B}.Debug|x86.Build.0 = Debug|Win32
		{FB32E1A5-4A83-4EEA-9B14-2C7221D62F2B}.Release|x64.ActiveCfg = Release|x64
		{FB32E1A5-4A83-4EEA-9B14-2C7221D62F2B}.Release|x64.Build.0 = Release|x64
		{FB32E1A5-4A83-4EEA-9B14-2C7221D62F2B}.Release|x86.ActiveCfg = Release|Win32
		{FB32E1A5-4A83-4EEA-9B14-2C7221D62F2B}.Release|x86.Build.0 = Release|Win32
		{2814091E-04EF-42EA-A67C-856B6765D484}.Debug|x64.ActiveCfg = Debug|x64
		{2814091E-04EF-42EA-A67C-856B6765D484}.Debug|x64.Build.0 = Debug|x64
		{2814091E-04EF-42EA-A67C-856B6765D484}.Debug|x86.ActiveCfg = Debug|Win32
		{2814091E-04EF-42EA-A67C-856B6765D484}.Debug|x86.Build.0 = Debug|Win32
		{2814091E-04EF-42EA-A67C-856B6765D484}.Release|x64.ActiveCfg = Release|x64
		{2814091E-04EF-42EA-A67C-856B6765D484}.Release|x64.Build.0 = Release|x64
		{2814091E-04EF-42EA-A67C-856B6765D484}.Release|x86.ActiveCfg = Release|Win32
		{2814091E-04EF-42EA-A67C-856B6765D484}.Release|x86.Build.0 = Release|Win32
		{DEFBDCEB-C4F9-4EA6-AECF-3F8FD877BB22}.Debug|x64.ActiveCfg = Debug|x64
		{DEFBDCEB-C4F9-4EA6-AECF-3F8FD877BB22}.Debug|x64.Build.0 = Debug|x64
		{DEFBDCEB-C4F9-4EA6-AECF-3F8FD877BB22}.Debug|x86.ActiveCfg = Debug|Win32
		{DEFBDCEB-C4F9-4EA6-AECF-3F8FD877BB22}.Debug|x86.Build.0 = Debug|Win32
		{DEFBDCEB-C4F9-4EA6-AECF-3F8FD877BB22}.Release|x64.ActiveCfg = Release|x64
		{DEFBDCEB-C4F9-4EA6-AECF-3F8FD877BB22}.Release|x64.Build.0 = Release|x64
		{DEFBDCEB-C4F9-4EA6-AECF-3F8FD877BB22}.Release|x86.ActiveCfg = Release|Win32
		{DEFBDCEB-C4F9-4EA6-AECF-3F8FD877BB22}.Release|x86.Build.0 = Release|Win32
		{11CE36A8-F856-4F2B-9A84-A4506A1BE39D}.Debug|x64.ActiveCfg = Debug|x64
		{11CE36A8-F856-4F2B-9A84-A4506A1BE39D}.Debug|x64.Build.0 = Debug|x64
		{11CE36A8-F856-4F2B-9A84-A4506A1BE39D}.Debug|x86.ActiveCfg = Debug|Win32
		{11CE36A8-F856-4F2B-9A84-A4506A1BE39D}.Debug|x86.Build.0 = Debug|Win32
		{11CE36A8-F856-4F2B-9A84-A4506A1BE39D}.Release|x64.ActiveCfg = Release|x64
		{11CE36A8-F856-4F2B-9A84-A4506A1BE39D}.Release|x64.Build.0 = Release|x64
		{11CE36A8-F856-4F2B-9A84-A4506A1BE39D}.Release|x86.ActiveCfg = Release|Win32
		{11CE36A8-F856-4F2B-9A84-A4506A1BE39D}.Release|x86.Build.0 = Release|Win32
	EndGlobalSection
	GlobalSection(SolutionProperties) = preSolution
		HideSolutionNode = FALSE
	EndGlobalSection
	GlobalSection(ExtensibilityGlobals) = postSolution
		SolutionGuid = {AC138387-FC38-4507-80A3-8DDFDB3D47F7}
	EndGlobalSection
EndGlobal
